
Microsoft Visual Studio Solution File, Format Version 12.00
# Visual Studio Version 17
VisualStudioVersion = 17.4.33403.182
MinimumVisualStudioVersion = 10.0.40219.1
Project("{FAE04EC0-301F-11D3-BF4B-00C04F79EFBC}") = "BusinessObjects", "BusinessObjects\BusinessObjects.csproj", "{F0ECAF25-D159-4B16-BF57-133CD4423203}"
EndProject
Project("{FAE04EC0-301F-11D3-BF4B-00C04F79EFBC}") = "Repositories", "Repositories\Repositories.csproj", "{81BCDB44-19A6-49C7-B299-675F3A655A47}"
EndProject
Project("{FAE04EC0-301F-11D3-BF4B-00C04F79EFBC}") = "DataAccessObjects", "DataAccessObjects\DataAccessObjects.csproj", "{B60BD741-9514-444B-BD29-9663F913C35B}"
EndProject
Project("{FAE04EC0-301F-11D3-BF4B-00C04F79EFBC}") = "GiftHommieWinforms", "GiftHommieWinforms\GiftHommieWinforms.csproj", "{A72F9983-0895-4708-A6F0-352418E54A21}"
EndProject
Global
	GlobalSection(SolutionConfigurationPlatforms) = preSolution
		Debug|Any CPU = Debug|Any CPU
		Release|Any CPU = Release|Any CPU
	EndGlobalSection
	GlobalSection(ProjectConfigurationPlatforms) = postSolution
		{F0ECAF25-D159-4B16-BF57-133CD4423203}.Debug|Any CPU.ActiveCfg = Debug|Any CPU
		{F0ECAF25-D159-4B16-BF57-133CD4423203}.Debug|Any CPU.Build.0 = Debug|Any CPU
		{F0ECAF25-D159-4B16-BF57-133CD4423203}.Release|Any CPU.ActiveCfg = Release|Any CPU
		{F0ECAF25-D159-4B16-BF57-133CD4423203}.Release|Any CPU.Build.0 = Release|Any CPU
		{81BCDB44-19A6-49C7-B299-675F3A655A47}.Debug|Any CPU.ActiveCfg = Debug|Any CPU
		{81BCDB44-19A6-49C7-B299-675F3A655A47}.Debug|Any CPU.Build.0 = Debug|Any CPU
		{81BCDB44-19A6-49C7-B299-675F3A655A47}.Release|Any CPU.ActiveCfg = Release|Any CPU
		{81BCDB44-19A6-49C7-B299-675F3A655A47}.Release|Any CPU.Build.0 = Release|Any CPU
		{B60BD741-9514-444B-BD29-9663F913C35B}.Debug|Any CPU.ActiveCfg = Debug|Any CPU
		{B60BD741-9514-444B-BD29-9663F913C35B}.Debug|Any CPU.Build.0 = Debug|Any CPU
		{B60BD741-9514-444B-BD29-9663F913C35B}.Release|Any CPU.ActiveCfg = Release|Any CPU
		{B60BD741-9514-444B-BD29-9663F913C35B}.Release|Any CPU.Build.0 = Release|Any CPU
		{A72F9983-0895-4708-A6F0-352418E54A21}.Debug|Any CPU.ActiveCfg = Debug|Any CPU
		{A72F9983-0895-4708-A6F0-352418E54A21}.Debug|Any CPU.Build.0 = Debug|Any CPU
		{A72F9983-0895-4708-A6F0-352418E54A21}.Release|Any CPU.ActiveCfg = Release|Any CPU
		{A72F9983-0895-4708-A6F0-352418E54A21}.Release|Any CPU.Build.0 = Release|Any CPU
	EndGlobalSection
	GlobalSection(SolutionProperties) = preSolution
		HideSolutionNode = FALSE
	EndGlobalSection
	GlobalSection(ExtensibilityGlobals) = postSolution
		SolutionGuid = {367F7801-8D3C-4A66-B58D-CB00B6BFF466}
	EndGlobalSection
EndGlobal
